{
  "name": "jonnxor.is",
  "version": "1.0.0",
  "lockfileVersion": 2,
  "requires": true,
  "packages": {
    "": {
      "name": "jonnxor.is",
      "version": "1.0.0",
      "license": "ISC",
      "dependencies": {
        "@capacitor/android": "file://../../../../node_modules/@capacitor/android",
        "@capacitor/core": "file://../../../../node_modules/@capacitor/core",
        "@capacitor/ios": "file://../../../../node_modules/@capacitor/ios"
      },
      "devDependencies": {
        "@capacitor/cli": "file://../../../../node_modules/@capacitor/cli",
        "electron": "file://../../../../node_modules/electron",
        "electron-is-dev": "file://../../../../node_modules/electron-is-dev"
      }
    },
    "../../../../../node_modules/@capacitor/android": {},
    "../../../../../node_modules/@capacitor/cli": {
      "dev": true
    },
    "../../../../../node_modules/@capacitor/core": {},
    "../../../../../node_modules/@capacitor/ios": {},
    "../../../../../node_modules/electron": {
      "dev": true
    },
    "../../../../../node_modules/electron-is-dev": {
      "dev": true
    },
    "node_modules/@capacitor/android": {
      "resolved": "../../../../../node_modules/@capacitor/android",
      "link": true
    },
    "node_modules/@capacitor/cli": {
      "resolved": "../../../../../node_modules/@capacitor/cli",
      "link": true
    },
    "node_modules/@capacitor/core": {
      "resolved": "../../../../../node_modules/@capacitor/core",
      "link": true
    },
    "node_modules/@capacitor/ios": {
      "resolved": "../../../../../node_modules/@capacitor/ios",
      "link": true
    },
    "node_modules/electron": {
      "resolved": "../../../../../node_modules/electron",
      "link": true
    },
    "node_modules/electron-is-dev": {
      "resolved": "../../../../../node_modules/electron-is-dev",
      "link": true
    }
  },
  "dependencies": {
    "@capacitor/android": {
      "version": "file:../../../../../node_modules/@capacitor/android"
    },
    "@capacitor/cli": {
      "version": "file:../../../../../node_modules/@capacitor/cli"
    },
    "@capacitor/core": {
      "version": "file:../../../../../node_modules/@capacitor/core"
    },
    "@capacitor/ios": {
      "version": "file:../../../../../node_modules/@capacitor/ios"
    },
    "electron": {
      "version": "file:../../../../../node_modules/electron"
    },
    "electron-is-dev": {
      "version": "file:../../../../../node_modules/electron-is-dev"
    }
  }
}
